version: 6
environments:
  default:
    channels:
    - url: https://conda.anaconda.org/conda-forge/
    options:
      pypi-prerelease-mode: if-necessary-or-explicit
    packages:
      linux-64:
      - conda: https://conda.anaconda.org/conda-forge/linux-64/_openmp_mutex-4.5-20_gnu.conda
      - conda: https://conda.anaconda.org/conda-forge/linux-64/binutils-2.45.1-default_h4852527_101.conda
      - conda: https://conda.anaconda.org/conda-forge/linux-64/binutils_impl_linux-64-2.45.1-default_hfdba357_101.conda
      - conda: https://conda.anaconda.org/conda-forge/linux-64/binutils_linux-64-2.45.1-default_h4852527_101.conda
      - conda: https://conda.anaconda.org/conda-forge/linux-64/c-compiler-1.11.0-h4d9bdce_0.conda
      - conda: https://conda.anaconda.org/conda-forge/linux-64/conda-gcc-specs-14.3.0-he8ccf15_17.conda
      - conda: https://conda.anaconda.org/conda-forge/linux-64/gcc-14.3.0-h0dff253_17.conda
      - conda: https://conda.anaconda.org/conda-forge/linux-64/gcc_impl_linux-64-14.3.0-hb1e0a52_17.conda
      - conda: https://conda.anaconda.org/conda-forge/linux-64/gcc_linux-64-14.3.0-h298d278_21.conda
      - conda: https://conda.anaconda.org/conda-forge/noarch/kernel-headers_linux-64-4.18.0-he073ed8_9.conda
      - conda: https://conda.anaconda.org/conda-forge/linux-64/ld_impl_linux-64-2.45.1-default_hbd61a6d_101.conda
      - conda: https://conda.anaconda.org/conda-forge/linux-64/libgcc-15.2.0-he0feb66_17.conda
      - conda: https://conda.anaconda.org/conda-forge/noarch/libgcc-devel_linux-64-14.3.0-hf649bbc_117.conda
      - conda: https://conda.anaconda.org/conda-forge/linux-64/libgomp-15.2.0-he0feb66_17.conda
      - conda: https://conda.anaconda.org/conda-forge/linux-64/libsanitizer-14.3.0-h8f1669f_17.conda
      - conda: https://conda.anaconda.org/conda-forge/linux-64/libstdcxx-15.2.0-h934c35e_17.conda
      - conda: https://conda.anaconda.org/conda-forge/noarch/libstdcxx-devel_linux-64-14.3.0-h9f08a49_117.conda
      - conda: https://conda.anaconda.org/conda-forge/linux-64/libzlib-1.3.1-hb9d3cd8_2.conda
      - conda: https://conda.anaconda.org/conda-forge/linux-64/make-4.4.1-hb9d3cd8_2.conda
      - conda: https://conda.anaconda.org/conda-forge/noarch/sysroot_linux-64-2.28-h4ee821c_9.conda
      - conda: https://conda.anaconda.org/conda-forge/noarch/tzdata-2025c-hc9c84f9_1.conda
      - conda: https://conda.anaconda.org/conda-forge/linux-64/zstd-1.5.7-hb78ec9c_6.conda
      osx-64:
      - conda: https://conda.anaconda.org/conda-forge/osx-64/c-compiler-1.11.0-h7a00415_0.conda
      - conda: https://conda.anaconda.org/conda-forge/noarch/ca-certificates-2026.1.4-hbd8a1cb_0.conda
      - conda: https://conda.anaconda.org/conda-forge/osx-64/cctools-1030.6.3-llvm19_1_h67a6458_4.conda
      - conda: https://conda.anaconda.org/conda-forge/osx-64/cctools_impl_osx-64-1030.6.3-llvm19_1_h7d82c7c_4.conda
      - conda: https://conda.anaconda.org/conda-forge/osx-64/cctools_osx-64-1030.6.3-llvm19_1_h8f0d4bb_4.conda
      - conda: https://conda.anaconda.org/conda-forge/osx-64/clang-19-19.1.7-default_hd70426c_7.conda
      - conda: https://conda.anaconda.org/conda-forge/osx-64/clang-19.1.7-default_h1323312_7.conda
      - conda: https://conda.anaconda.org/conda-forge/osx-64/clang_impl_osx-64-19.1.7-default_ha1a018a_7.conda
      - conda: https://conda.anaconda.org/conda-forge/osx-64/clang_osx-64-19.1.7-h8a78ed7_31.conda
      - conda: https://conda.anaconda.org/conda-forge/osx-64/compiler-rt-19.1.7-he914875_1.conda
      - conda: https://conda.anaconda.org/conda-forge/noarch/compiler-rt_osx-64-19.1.7-h138dee1_1.conda
      - conda: https://conda.anaconda.org/conda-forge/osx-64/ld64-956.6-llvm19_1_hc3792c1_4.conda
      - conda: https://conda.anaconda.org/conda-forge/osx-64/ld64_osx-64-956.6-llvm19_1_hcae3351_4.conda
      - conda: https://conda.anaconda.org/conda-forge/osx-64/libclang-cpp19.1-19.1.7-default_hd70426c_7.conda
      - conda: https://conda.anaconda.org/conda-forge/osx-64/libcxx-21.1.8-h4fb565c_2.conda
      - conda: https://conda.anaconda.org/conda-forge/osx-64/libiconv-1.18-h57a12c2_2.conda
      - conda: https://conda.anaconda.org/conda-forge/osx-64/libllvm19-19.1.7-h56e7563_2.conda
      - conda: https://conda.anaconda.org/conda-forge/osx-64/liblzma-5.8.2-h11316ed_0.conda
      - conda: https://conda.anaconda.org/conda-forge/osx-64/libsigtool-0.1.3-hc0f2934_0.conda
      - conda: https://conda.anaconda.org/conda-forge/osx-64/libxml2-16-2.15.1-hd57b93d_1.conda
      - conda: https://conda.anaconda.org/conda-forge/osx-64/libxml2-2.15.1-h745d5cb_1.conda
      - conda: https://conda.anaconda.org/conda-forge/osx-64/libzlib-1.3.1-hd23fc13_2.conda
      - conda: https://conda.anaconda.org/conda-forge/osx-64/llvm-openmp-21.1.8-h472b3d1_0.conda
      - conda: https://conda.anaconda.org/conda-forge/osx-64/llvm-tools-19-19.1.7-h879f4bc_2.conda
      - conda: https://conda.anaconda.org/conda-forge/osx-64/llvm-tools-19.1.7-hb0207f0_2.conda
      - conda: https://conda.anaconda.org/conda-forge/osx-64/make-4.4.1-h00291cd_2.conda
      - conda: https://conda.anaconda.org/conda-forge/osx-64/ncurses-6.5-h0622a9a_3.conda
      - conda: https://conda.anaconda.org/conda-forge/osx-64/openssl-3.6.1-hb6871ef_1.conda
      - conda: https://conda.anaconda.org/conda-forge/noarch/sdkroot_env_osx-64-26.0-h62b880e_6.conda
      - conda: https://conda.anaconda.org/conda-forge/osx-64/sigtool-codesign-0.1.3-hc0f2934_0.conda
      - conda: https://conda.anaconda.org/conda-forge/osx-64/tapi-1600.0.11.8-h8d8e812_0.conda
      - conda: https://conda.anaconda.org/conda-forge/osx-64/zstd-1.5.7-h3eecb57_6.conda
      osx-arm64:
      - conda: https://conda.anaconda.org/conda-forge/osx-arm64/c-compiler-1.11.0-h61f9b84_0.conda
      - conda: https://conda.anaconda.org/conda-forge/noarch/ca-certificates-2026.1.4-hbd8a1cb_0.conda
      - conda: https://conda.anaconda.org/conda-forge/osx-arm64/cctools-1030.6.3-llvm19_1_hd01ab73_4.conda
      - conda: https://conda.anaconda.org/conda-forge/osx-arm64/cctools_impl_osx-arm64-1030.6.3-llvm19_1_he8a363d_4.conda
      - conda: https://conda.anaconda.org/conda-forge/osx-arm64/cctools_osx-arm64-1030.6.3-llvm19_1_h6d92914_4.conda
      - conda: https://conda.anaconda.org/conda-forge/osx-arm64/clang-19-19.1.7-default_hf3020a7_7.conda
      - conda: https://conda.anaconda.org/conda-forge/osx-arm64/clang-19.1.7-default_hf9bcbb7_7.conda
      - conda: https://conda.anaconda.org/conda-forge/osx-arm64/clang_impl_osx-arm64-19.1.7-default_hc11f16d_7.conda
      - conda: https://conda.anaconda.org/conda-forge/osx-arm64/clang_osx-arm64-19.1.7-h75f8d18_31.conda
      - conda: https://conda.anaconda.org/conda-forge/osx-arm64/compiler-rt-19.1.7-h855ad52_1.conda
      - conda: https://conda.anaconda.org/conda-forge/noarch/compiler-rt_osx-arm64-19.1.7-he32a8d3_1.conda
      - conda: https://conda.anaconda.org/conda-forge/osx-arm64/icu-78.2-h38cb7af_0.conda
      - conda: https://conda.anaconda.org/conda-forge/osx-arm64/ld64-956.6-llvm19_1_he86490a_4.conda
      - conda: https://conda.anaconda.org/conda-forge/osx-arm64/ld64_osx-arm64-956.6-llvm19_1_ha2625f7_4.conda
      - conda: https://conda.anaconda.org/conda-forge/osx-arm64/libclang-cpp19.1-19.1.7-default_hf3020a7_7.conda
      - conda: https://conda.anaconda.org/conda-forge/osx-arm64/libcxx-21.1.8-h55c6f16_2.conda
      - conda: https://conda.anaconda.org/conda-forge/osx-arm64/libiconv-1.18-h23cfdf5_2.conda
      - conda: https://conda.anaconda.org/conda-forge/osx-arm64/libllvm19-19.1.7-h8e0c9ce_2.conda
      - conda: https://conda.anaconda.org/conda-forge/osx-arm64/liblzma-5.8.2-h8088a28_0.conda
      - conda: https://conda.anaconda.org/conda-forge/osx-arm64/libsigtool-0.1.3-h98dc951_0.conda
      - conda: https://conda.anaconda.org/conda-forge/osx-arm64/libxml2-16-2.15.1-h5ef1a60_1.conda
      - conda: https://conda.anaconda.org/conda-forge/osx-arm64/libxml2-2.15.1-h8d039ee_1.conda
      - conda: https://conda.anaconda.org/conda-forge/osx-arm64/libzlib-1.3.1-h8359307_2.conda
      - conda: https://conda.anaconda.org/conda-forge/osx-arm64/llvm-openmp-21.1.8-h4a912ad_0.conda
      - conda: https://conda.anaconda.org/conda-forge/osx-arm64/llvm-tools-19-19.1.7-h91fd4e7_2.conda
      - conda: https://conda.anaconda.org/conda-forge/osx-arm64/llvm-tools-19.1.7-h855ad52_2.conda
      - conda: https://conda.anaconda.org/conda-forge/osx-arm64/make-4.4.1-hc9fafa5_2.conda
      - conda: https://conda.anaconda.org/conda-forge/osx-arm64/ncurses-6.5-h5e97a16_3.conda
      - conda: https://conda.anaconda.org/conda-forge/osx-arm64/openssl-3.6.1-hd24854e_1.conda
      - conda: https://conda.anaconda.org/conda-forge/noarch/sdkroot_env_osx-arm64-26.0-ha3f98da_6.conda
      - conda: https://conda.anaconda.org/conda-forge/osx-arm64/sigtool-codesign-0.1.3-h98dc951_0.conda
      - conda: https://conda.anaconda.org/conda-forge/osx-arm64/tapi-1600.0.11.8-h997e182_0.conda
      - conda: https://conda.anaconda.org/conda-forge/osx-arm64/zstd-1.5.7-hbf9d68e_6.conda
      win-64:
      - conda: https://conda.anaconda.org/conda-forge/win-64/_openmp_mutex-4.5-20_gnu.conda
      - conda: https://conda.anaconda.org/conda-forge/win-64/c-compiler-1.11.0-h528c1b4_0.conda
      - conda: https://conda.anaconda.org/conda-forge/win-64/libgcc-15.2.0-h8ee18e1_17.conda
      - conda: https://conda.anaconda.org/conda-forge/win-64/libgomp-15.2.0-h8ee18e1_17.conda
      - conda: https://conda.anaconda.org/conda-forge/win-64/libwinpthread-12.0.0.r4.gg4f2fc60ca-h57928b3_10.conda
      - conda: https://conda.anaconda.org/conda-forge/win-64/make-4.4.1-h0e40799_2.conda
      - conda: https://conda.anaconda.org/conda-forge/win-64/ucrt-10.0.26100.0-h57928b3_0.conda
      - conda: https://conda.anaconda.org/conda-forge/win-64/vs2022_win-64-19.44.35207-ha74f236_34.conda
      - conda: https://conda.anaconda.org/conda-forge/noarch/vswhere-3.1.7-h40126e0_1.conda
packages:
- conda: https://conda.anaconda.org/conda-forge/linux-64/_openmp_mutex-4.5-20_gnu.conda
  build_number: 20
  sha256: 1dd3fffd892081df9726d7eb7e0dea6198962ba775bd88842135a4ddb4deb3c9
  md5: a9f577daf3de00bca7c3c76c0ecbd1de
  depends:
  - __glibc >=2.17,<3.0.a0
  - libgomp >=7.5.0
  constrains:
  - openmp_impl <0.0a0
  license: BSD-3-Clause
  license_family: BSD
  size: 28948
  timestamp: 1770939786096
- conda: https://conda.anaconda.org/conda-forge/win-64/_openmp_mutex-4.5-20_gnu.conda
  build_number: 20
  sha256: 8a1cee28bd0ee7451ada1cd50b64720e57e17ff994fc62dd8329bef570d382e4
  md5: 1626967b574d1784b578b52eaeb071e7
  depends:
  - libgomp >=7.5.0
  - libwinpthread >=12.0.0.r4.gg4f2fc60ca
  constrains:
  - openmp_impl <0.0a0
  - msys2-conda-epoch <0.0a0
  license: BSD-3-Clause
  license_family: BSD
  size: 52252
  timestamp: 1770943776666
- conda: https://conda.anaconda.org/conda-forge/linux-64/binutils-2.45.1-default_h4852527_101.conda
  sha256: 2851d34944b056d028543f0440fb631aeeff204151ea09589d8d9c13882395de
  md5: 9902aeb08445c03fb31e01beeb173988
  depends:
  - binutils_impl_linux-64 >=2.45.1,<2.45.2.0a0
  license: GPL-3.0-only
  license_family: GPL
  size: 35128
  timestamp: 1770267175160
- conda: https://conda.anaconda.org/conda-forge/linux-64/binutils_impl_linux-64-2.45.1-default_hfdba357_101.conda
  sha256: 74341b26a2b9475dc14ba3cf12432fcd10a23af285101883e720216d81d44676
  md5: 83aa53cb3f5fc849851a84d777a60551
  depends:
  - ld_impl_linux-64 2.45.1 default_hbd61a6d_101
  - sysroot_linux-64
  - zstd >=1.5.7,<1.6.0a0
  license: GPL-3.0-only
  license_family: GPL
  size: 3744895
  timestamp: 1770267152681
- conda: https://conda.anaconda.org/conda-forge/linux-64/binutils_linux-64-2.45.1-default_h4852527_101.conda
  sha256: 4826f97d33cbe54459970a1e84500dbe0cccf8326aaf370e707372ae20ec5a47
  md5: dec96579f9a7035a59492bf6ee613b53
  depends:
  - binutils_impl_linux-64 2.45.1 default_hfdba357_101
  license: GPL-3.0-only
  license_family: GPL
  size: 36060
  timestamp: 1770267177798
- conda: https://conda.anaconda.org/conda-forge/linux-64/c-compiler-1.11.0-h4d9bdce_0.conda
  sha256: 8e7a40f16400d7839c82581410aa05c1f8324a693c9d50079f8c50dc9fb241f0
  md5: abd85120de1187b0d1ec305c2173c71b
  depends:
  - binutils
  - gcc
  - gcc_linux-64 14.*
  license: BSD-3-Clause
  license_family: BSD
  size: 6693
  timestamp: 1753098721814
- conda: https://conda.anaconda.org/conda-forge/osx-64/c-compiler-1.11.0-h7a00415_0.conda
  sha256: 2bd1cf3d26789b7e1d04e914ccd169bd618fceed68abf7b6a305266b88dcf861
  md5: 2b23ec416cef348192a5a17737ddee60
  depends:
  - cctools >=949.0.1
  - clang_osx-64 19.*
  - ld64 >=530
  - llvm-openmp
  license: BSD-3-Clause
  license_family: BSD
  size: 6695
  timestamp: 1753098825695
- conda: https://conda.anaconda.org/conda-forge/osx-arm64/c-compiler-1.11.0-h61f9b84_0.conda
  sha256: b51bd1551cfdf41500f732b4bd1e4e70fb1e74557165804a648f32fa9c671eec
  md5: 148516e0c9edf4e9331a4d53ae806a9b
  depends:
  - cctools >=949.0.1
  - clang_osx-arm64 19.*
  - ld64 >=530
  - llvm-openmp
  license: BSD-3-Clause
  license_family: BSD
  size: 6697
  timestamp: 1753098737760
- conda: https://conda.anaconda.org/conda-forge/win-64/c-compiler-1.11.0-h528c1b4_0.conda
  sha256: 55e04bd4af61500cb8cae064386be57d18fbfdf676655ff1c97c7e5d146c6e34
  md5: 6d994ff9ab924ba11c2c07e93afbe485
  depends:
  - vs2022_win-64
  license: BSD-3-Clause
  license_family: BSD
  size: 6938
  timestamp: 1753098808371
- conda: https://conda.anaconda.org/conda-forge/noarch/ca-certificates-2026.1.4-hbd8a1cb_0.conda
  sha256: b5974ec9b50e3c514a382335efa81ed02b05906849827a34061c496f4defa0b2
  md5: bddacf101bb4dd0e51811cb69c7790e2
  depends:
  - __unix
  license: ISC
  size: 146519
  timestamp: 1767500828366
- conda: https://conda.anaconda.org/conda-forge/osx-64/cctools-1030.6.3-llvm19_1_h67a6458_4.conda
  sha256: 0563fb193edde8002059e1a7fc32b23b5bd48389d9abdf5e49ff81e7490da722
  md5: 7b4852df7d4ed4e45bcb70c5d4b08cd0
  depends:
  - cctools_impl_osx-64 1030.6.3 llvm19_1_h7d82c7c_4
  - ld64 956.6 llvm19_1_hc3792c1_4
  - libllvm19 >=19.1.7,<19.2.0a0
  license: APSL-2.0
  license_family: Other
  size: 24262
  timestamp: 1768852850946
- conda: https://conda.anaconda.org/conda-forge/osx-arm64/cctools-1030.6.3-llvm19_1_hd01ab73_4.conda
  sha256: 4f408036b5175be0d2c7940250d00dae5ea7a71d194a1ffb35881fb9df6211fc
  md5: caf7c8e48827c2ad0c402716159fe0a2
  depends:
  - cctools_impl_osx-arm64 1030.6.3 llvm19_1_he8a363d_4
  - ld64 956.6 llvm19_1_he86490a_4
  - libllvm19 >=19.1.7,<19.2.0a0
  license: APSL-2.0
  license_family: Other
  size: 24313
  timestamp: 1768852906882
- conda: https://conda.anaconda.org/conda-forge/osx-64/cctools_impl_osx-64-1030.6.3-llvm19_1_h7d82c7c_4.conda
  sha256: 43928e68f59a8e4135d20df702cf97073b07a162979a30258d93f6e44b1220db
  md5: bb274e464cf9479e0a6da2cf2e33bc16
  depends:
  - __osx >=10.13
  - ld64_osx-64 >=956.6,<956.7.0a0
  - libcxx
  - libllvm19 >=19.1.7,<19.2.0a0
  - libzlib >=1.3.1,<2.0a0
  - llvm-tools 19.1.*
  - sigtool-codesign
  constrains:
  - cctools 1030.6.3.*
  - clang 19.1.*
  - ld64 956.6.*
  license: APSL-2.0
  license_family: Other
  size: 745672
  timestamp: 1768852809822
- conda: https://conda.anaconda.org/conda-forge/osx-arm64/cctools_impl_osx-arm64-1030.6.3-llvm19_1_he8a363d_4.conda
  sha256: c444442e0c01de92a75b58718a100f2e272649658d4f3dd915bbfc2316b25638
  md5: 76c651b923e048f3f3e0ecb22c966f70
  depends:
  - __osx >=11.0
  - ld64_osx-arm64 >=956.6,<956.7.0a0
  - libcxx
  - libllvm19 >=19.1.7,<19.2.0a0
  - libzlib >=1.3.1,<2.0a0
  - llvm-tools 19.1.*
  - sigtool-codesign
  constrains:
  - ld64 956.6.*
  - cctools 1030.6.3.*
  - clang 19.1.*
  license: APSL-2.0
  license_family: Other
  size: 749918
  timestamp: 1768852866532
- conda: https://conda.anaconda.org/conda-forge/osx-64/cctools_osx-64-1030.6.3-llvm19_1_h8f0d4bb_4.conda
  sha256: 258f7bde2b5f664f60130d0066f5cee96a308d946e95bacc82b44b76c776124a
  md5: fdef8a054844f72a107dfd888331f4a7
  depends:
  - cctools_impl_osx-64 1030.6.3 llvm19_1_h7d82c7c_4
  - ld64_osx-64 956.6 llvm19_1_hcae3351_4
  constrains:
  - cctools 1030.6.3.*
  license: APSL-2.0
  license_family: Other
  size: 23193
  timestamp: 1768852854819
- conda: https://conda.anaconda.org/conda-forge/osx-arm64/cctools_osx-arm64-1030.6.3-llvm19_1_h6d92914_4.conda
  sha256: 6b37ac10e22dd734cce14ce7d1ac6db07976bb71e38a10971c0693b9f17ad6c4
  md5: df5cd5c925df1412426e3db71d31363f
  depends:
  - cctools_impl_osx-arm64 1030.6.3 llvm19_1_he8a363d_4
  - ld64_osx-arm64 956.6 llvm19_1_ha2625f7_4
  constrains:
  - cctools 1030.6.3.*
  license: APSL-2.0
  license_family: Other
  size: 23211
  timestamp: 1768852915341
- conda: https://conda.anaconda.org/conda-forge/osx-64/clang-19.1.7-default_h1323312_7.conda
  sha256: 820d65cc9f0b44fdc088d4e7f6a154cfb323bbdeb29c6405b4794680e7e7ac18
  md5: 138b0781aea27a845b18e7c1cd34f2fb
  depends:
  - clang-19 19.1.7 default_hd70426c_7
  - clang_impl_osx-64 19.1.7 default_ha1a018a_7
  license: Apache-2.0 WITH LLVM-exception
  license_family: Apache
  size: 24316
  timestamp: 1767959435159
- conda: https://conda.anaconda.org/conda-forge/osx-arm64/clang-19.1.7-default_hf9bcbb7_7.conda
  sha256: e170fa45ea1a6c30348b05a474bfad58bcb7316ee278fd1051f1f7af105db2cd
  md5: 13150cdd8e6bc61aa68b55d1a2a69083
  depends:
  - clang-19 19.1.7 default_hf3020a7_7
  - clang_impl_osx-arm64 19.1.7 default_hc11f16d_7
  license: Apache-2.0 WITH LLVM-exception
  license_family: Apache
  size: 24474
  timestamp: 1767957953998
- conda: https://conda.anaconda.org/conda-forge/osx-64/clang-19-19.1.7-default_hd70426c_7.conda
  sha256: d1625b4896fa597e0f5fdcd4b7cbeea7c120728e0ef43fc641dd7e8fa6d4eabe
  md5: c117b3fc6406027a2ca344aee4e1382a
  depends:
  - __osx >=10.13
  - libclang-cpp19.1 19.1.7 default_hd70426c_7
  - libcxx >=19.1.7
  - libllvm19 >=19.1.7,<19.2.0a0
  license: Apache-2.0 WITH LLVM-exception
  license_family: Apache
  size: 764031
  timestamp: 1767959120208
- conda: https://conda.anaconda.org/conda-forge/osx-arm64/clang-19-19.1.7-default_hf3020a7_7.conda
  sha256: d59286e188f4922f9812d8412358f98e98b187840c7256d9c143f4e9cc02847e
  md5: 3b992d143f0008588ca26df8a324eee9
  depends:
  - __osx >=11.0
  - libclang-cpp19.1 19.1.7 default_hf3020a7_7
  - libcxx >=19.1.7
  - libllvm19 >=19.1.7,<19.2.0a0
  license: Apache-2.0 WITH LLVM-exception
  license_family: Apache
  size: 764520
  timestamp: 1767957577398
- conda: https://conda.anaconda.org/conda-forge/osx-64/clang_impl_osx-64-19.1.7-default_ha1a018a_7.conda
  sha256: bd9e569f9848d7fdcc963eecbc2cb75201213a751440a207956e1d670c174835
  md5: 61a2644a24a32277abae7a234f73b13d
  depends:
  - cctools_impl_osx-64
  - clang-19 19.1.7 default_hd70426c_7
  - compiler-rt 19.1.7.*
  - compiler-rt_osx-64
  - ld64
  - ld64_osx-64 * llvm19_1_*
  - llvm-openmp >=19.1.7
  - llvm-tools 19.1.7.*
  license: Apache-2.0 WITH LLVM-exception
  license_family: Apache
  size: 24417
  timestamp: 1767959402626
- conda: https://conda.anaconda.org/conda-forge/osx-arm64/clang_impl_osx-arm64-19.1.7-default_hc11f16d_7.conda
  sha256: faffb31c43afb4360d6545bd20590fbed5b344a77daeabdea39164d72c943d21
  md5: bde6fcb6b1fcefb687a7fb95675c6ec8
  depends:
  - cctools_impl_osx-arm64
  - clang-19 19.1.7 default_hf3020a7_7
  - compiler-rt 19.1.7.*
  - compiler-rt_osx-arm64
  - ld64
  - ld64_osx-arm64 * llvm19_1_*
  - llvm-openmp >=19.1.7
  - llvm-tools 19.1.7.*
  license: Apache-2.0 WITH LLVM-exception
  license_family: Apache
  size: 24459
  timestamp: 1767957934083
- conda: https://conda.anaconda.org/conda-forge/osx-64/clang_osx-64-19.1.7-h8a78ed7_31.conda
  sha256: aa12658e55300efcdc34010312ee62d350464ae0ae8c30d1f7340153c9baa5aa
  md5: faf4b6245c4287a4f13e793ca2826842
  depends:
  - cctools_osx-64
  - clang 19.*
  - clang_impl_osx-64 19.1.7.*
  - sdkroot_env_osx-64
  license: BSD-3-Clause
  license_family: BSD
  size: 21157
  timestamp: 1769482965411
- conda: https://conda.anaconda.org/conda-forge/osx-arm64/clang_osx-arm64-19.1.7-h75f8d18_31.conda
  sha256: c9daaa0e7785fe7c5799e3d691c6aa5ab8b4a54bbf49835037068dd78e0a7b35
  md5: 6645630920c0980a33f055a49fbdb88e
  depends:
  - cctools_osx-arm64
  - clang 19.*
  - clang_impl_osx-arm64 19.1.7.*
  - sdkroot_env_osx-arm64
  license: BSD-3-Clause
  license_family: BSD
  size: 21135
  timestamp: 1769482854554
- conda: https://conda.anaconda.org/conda-forge/osx-64/compiler-rt-19.1.7-he914875_1.conda
  sha256: 28e5f0a6293acba68ebc54694a2fc40b1897202735e8e8cbaaa0e975ba7b235b
  md5: e6b9e71e5cb08f9ed0185d31d33a074b
  depends:
  - __osx >=10.13
  - clang 19.1.7.*
  - compiler-rt_osx-64 19.1.7.*
  license: Apache-2.0 WITH LLVM-exception
  license_family: APACHE
  size: 96722
  timestamp: 1757412473400
- conda: https://conda.anaconda.org/conda-forge/osx-arm64/compiler-rt-19.1.7-h855ad52_1.conda
  sha256: b58a481828aee699db7f28bfcbbe72fb133277ac60831dfe70ee2465541bcb93
  md5: 39451684370ae65667fa5c11222e43f7
  depends:
  - __osx >=11.0
  - clang 19.1.7.*
  - compiler-rt_osx-arm64 19.1.7.*
  license: Apache-2.0 WITH LLVM-exception
  license_family: APACHE
  size: 97085
  timestamp: 1757411887557
- conda: https://conda.anaconda.org/conda-forge/noarch/compiler-rt_osx-64-19.1.7-h138dee1_1.conda
  sha256: e6effe89523fc6143819f7a68372b28bf0c176af5b050fe6cf75b62e9f6c6157
  md5: 32deecb68e11352deaa3235b709ddab2
  depends:
  - clang 19.1.7.*
  constrains:
  - compiler-rt 19.1.7
  - clangxx 19.1.7
  license: Apache-2.0 WITH LLVM-exception
  license_family: APACHE
  size: 10425780
  timestamp: 1757412396490
- conda: https://conda.anaconda.org/conda-forge/noarch/compiler-rt_osx-arm64-19.1.7-he32a8d3_1.conda
  sha256: 8c32a3db8adf18ed58197e8895ce4f24a83ed63c817512b9a26724753b116f2a
  md5: 8d99c82e0f5fed6cc36fcf66a11e03f0
  depends:
  - clang 19.1.7.*
  constrains:
  - compiler-rt 19.1.7
  - clangxx 19.1.7
  license: Apache-2.0 WITH LLVM-exception
  license_family: APACHE
  size: 10490535
  timestamp: 1757411851093
- conda: https://conda.anaconda.org/conda-forge/linux-64/conda-gcc-specs-14.3.0-he8ccf15_17.conda
  sha256: 522e7a22da3e8f30c8e8c80831c4d7399d8797fce154acbdf904111501d637f6
  md5: 4e58f090f75b2941346da3685564e7a7
  depends:
  - gcc_impl_linux-64 >=14.3.0,<14.3.1.0a0
  license: GPL-3.0-only WITH GCC-exception-3.1
  license_family: GPL
  size: 31646
  timestamp: 1770252240343
- conda: https://conda.anaconda.org/conda-forge/linux-64/gcc-14.3.0-h0dff253_17.conda
  sha256: e3eb2b4655d8a65488fdfbe470705a290121c4265f9559933a8071aa9aac5b91
  md5: dfcfcc0c20762eeb840771eda366940e
  depends:
  - conda-gcc-specs
  - gcc_impl_linux-64 14.3.0 hb1e0a52_17
  license: BSD-3-Clause
  license_family: BSD
  size: 29381
  timestamp: 1770252396987
- conda: https://conda.anaconda.org/conda-forge/linux-64/gcc_impl_linux-64-14.3.0-hb1e0a52_17.conda
  sha256: bc7014fcc7fcd54ae922fc3453ad8d88a26f439570bb6a89f785f8b5793306b2
  md5: f5c501fe2a016ed0103f7a89d2ac0412
  depends:
  - binutils_impl_linux-64 >=2.45
  - libgcc >=14.3.0
  - libgcc-devel_linux-64 14.3.0 hf649bbc_117
  - libgomp >=14.3.0
  - libsanitizer 14.3.0 h8f1669f_17
  - libstdcxx >=14.3.0
  - libstdcxx-devel_linux-64 14.3.0 h9f08a49_117
  - sysroot_linux-64
  license: GPL-3.0-only WITH GCC-exception-3.1
  license_family: GPL
  size: 74850589
  timestamp: 1770252142196
- conda: https://conda.anaconda.org/conda-forge/linux-64/gcc_linux-64-14.3.0-h298d278_21.conda
  sha256: 27ad0cd10dccffca74e20fb38c9f8643ff8fce56eee260bf89fa257d5ab0c90a
  md5: 1403ed5fe091bd7442e4e8a229d14030
  depends:
  - gcc_impl_linux-64 14.3.0.*
  - binutils_linux-64
  - sysroot_linux-64
  license: BSD-3-Clause
  license_family: BSD
  size: 28946
  timestamp: 1770908213807
- conda: https://conda.anaconda.org/conda-forge/osx-arm64/icu-78.2-h38cb7af_0.conda
  sha256: d4cefbca587429d1192509edc52c88de52bc96c2447771ddc1f8bee928aed5ef
  md5: 1e93aca311da0210e660d2247812fa02
  depends:
  - __osx >=11.0
  license: MIT
  license_family: MIT
  size: 12358010
  timestamp: 1767970350308
- conda: https://conda.anaconda.org/conda-forge/noarch/kernel-headers_linux-64-4.18.0-he073ed8_9.conda
  sha256: 41557eeadf641de6aeae49486cef30d02a6912d8da98585d687894afd65b356a
  md5: 86d9cba083cd041bfbf242a01a7a1999
  constrains:
  - sysroot_linux-64 ==2.28
  license: LGPL-2.0-or-later AND LGPL-2.0-or-later WITH exceptions AND GPL-2.0-or-later
  license_family: GPL
  size: 1278712
  timestamp: 1765578681495
- conda: https://conda.anaconda.org/conda-forge/osx-64/ld64-956.6-llvm19_1_hc3792c1_4.conda
  sha256: 6f821c4c6a19722162ef2905c45e0f8034544dab70bb86c647fb4e022a9c27b4
  md5: 4d51a4b9f959c1fac780645b9d480a82
  depends:
  - ld64_osx-64 956.6 llvm19_1_hcae3351_4
  - libllvm19 >=19.1.7,<19.2.0a0
  constrains:
  - cctools 1030.6.3.*
  - cctools_osx-64 1030.6.3.*
  license: APSL-2.0
  license_family: Other
  size: 21560
  timestamp: 1768852832804
- conda: https://conda.anaconda.org/conda-forge/osx-arm64/ld64-956.6-llvm19_1_he86490a_4.conda
  sha256: d6197b4825ece12ab63097bd677294126439a1a6222c7098885aa23464ef280c
  md5: 22eb76f8d98f4d3b8319d40bda9174de
  depends:
  - ld64_osx-arm64 956.6 llvm19_1_ha2625f7_4
  - libllvm19 >=19.1.7,<19.2.0a0
  constrains:
  - cctools_osx-arm64 1030.6.3.*
  - cctools 1030.6.3.*
  license: APSL-2.0
  license_family: Other
  size: 21592
  timestamp: 1768852886875
- conda: https://conda.anaconda.org/conda-forge/osx-64/ld64_osx-64-956.6-llvm19_1_hcae3351_4.conda
  sha256: 2ae4c885ea34bc976232fbfb8129a2a3f0a79b0f42a8f7437e06d571d1b6760c
  md5: 2329a96b45c853dd22af9d11762f9057
  depends:
  - __osx >=10.13
  - libcxx
  - libllvm19 >=19.1.7,<19.2.0a0
  - sigtool-codesign
  - tapi >=1600.0.11.8,<1601.0a0
  constrains:
  - cctools 1030.6.3.*
  - clang 19.1.*
  - cctools_impl_osx-64 1030.6.3.*
  - ld64 956.6.*
  license: APSL-2.0
  license_family: Other
  size: 1110678
  timestamp: 1768852747927
- conda: https://conda.anaconda.org/conda-forge/osx-arm64/ld64_osx-arm64-956.6-llvm19_1_ha2625f7_4.conda
  sha256: 4161eec579cea07903ee2fafdde6f8f9991dabd54f3ca6609a1bf75bed3dc788
  md5: eaf3d06e3a8a10dee7565e8d76ae618d
  depends:
  - __osx >=11.0
  - libcxx
  - libllvm19 >=19.1.7,<19.2.0a0
  - sigtool-codesign
  - tapi >=1600.0.11.8,<1601.0a0
  constrains:
  - cctools_impl_osx-arm64 1030.6.3.*
  - ld64 956.6.*
  - cctools 1030.6.3.*
  - clang 19.1.*
  license: APSL-2.0
  license_family: Other
  size: 1040464
  timestamp: 1768852821767
- conda: https://conda.anaconda.org/conda-forge/linux-64/ld_impl_linux-64-2.45.1-default_hbd61a6d_101.conda
  sha256: 565941ac1f8b0d2f2e8f02827cbca648f4d18cd461afc31f15604cd291b5c5f3
  md5: 12bd9a3f089ee6c9266a37dab82afabd
  depends:
  - __glibc >=2.17,<3.0.a0
  - zstd >=1.5.7,<1.6.0a0
  constrains:
  - binutils_impl_linux-64 2.45.1
  license: GPL-3.0-only
  license_family: GPL
  size: 725507
  timestamp: 1770267139900
- conda: https://conda.anaconda.org/conda-forge/osx-64/libclang-cpp19.1-19.1.7-default_hd70426c_7.conda
  sha256: 3e8588828d2586722328ea39a7cf48c50a32f7661b55299075741ef7c8875ad5
  md5: b671ac86f33848f3bc3a6066d21c37dd
  depends:
  - __osx >=10.13
  - libcxx >=19.1.7
  - libllvm19 >=19.1.7,<19.2.0a0
  license: Apache-2.0 WITH LLVM-exception
  license_family: Apache
  size: 14856190
  timestamp: 1767958815491
- conda: https://conda.anaconda.org/conda-forge/osx-arm64/libclang-cpp19.1-19.1.7-default_hf3020a7_7.conda
  sha256: 89b8aed26ef89c9e56939d1acefa91ecf2e198923bfcc41f116c0de42ce869cb
  md5: 5600ae1b88144099572939e773f4b20b
  depends:
  - __osx >=11.0
  - libcxx >=19.1.7
  - libllvm19 >=19.1.7,<19.2.0a0
  license: Apache-2.0 WITH LLVM-exception
  license_family: Apache
  size: 14062741
  timestamp: 1767957389675
- conda: https://conda.anaconda.org/conda-forge/osx-64/libcxx-21.1.8-h4fb565c_2.conda
  sha256: 2619d471c50c466320e2aea906a4363e34efe181e61346e4453bc68264c5185f
  md5: 1ac756454e65fb3fd7bc7de599526e43
  depends:
  - __osx >=10.13
  license: Apache-2.0 WITH LLVM-exception
  license_family: Apache
  size: 571912
  timestamp: 1770237202404
- conda: https://conda.anaconda.org/conda-forge/osx-arm64/libcxx-21.1.8-h55c6f16_2.conda
  sha256: 5fbeb2fc2673f0455af6079abf93faaf27f11a92574ad51565fa1ecac9a4e2aa
  md5: 4cb5878bdb9ebfa65b7cdff5445087c5
  depends:
  - __osx >=11.0
  license: Apache-2.0 WITH LLVM-exception
  license_family: Apache
  size: 570068
  timestamp: 1770238262922
- conda: https://conda.anaconda.org/conda-forge/linux-64/libgcc-15.2.0-he0feb66_17.conda
  sha256: 43860222cf3abf04ded0cf24541a105aa388e0e1d4d6ca46258e186d4e87ae3e
  md5: 3c281169ea25b987311400d7a7e28445
  depends:
  - __glibc >=2.17,<3.0.a0
  - _openmp_mutex >=4.5
  constrains:
  - libgcc-ng ==15.2.0=*_17
  - libgomp 15.2.0 he0feb66_17
  license: GPL-3.0-only WITH GCC-exception-3.1
  license_family: GPL
  size: 1040478
  timestamp: 1770252533873
- conda: https://conda.anaconda.org/conda-forge/win-64/libgcc-15.2.0-h8ee18e1_17.conda
  sha256: c99325f7c4b851a8e2a875b178186039bd320f74bd81d93eda0bff875c6f72f3
  md5: 3b93f0d28aa246cb74ed9b65250cae70
  depends:
  - _openmp_mutex >=4.5
  - libwinpthread >=12.0.0.r4.gg4f2fc60ca
  constrains:
  - libgcc-ng ==15.2.0=*_17
  - libgomp 15.2.0 h8ee18e1_17
  - msys2-conda-epoch <0.0a0
  license: GPL-3.0-only WITH GCC-exception-3.1
  license_family: GPL
  size: 821940
  timestamp: 1770256702759
- conda: https://conda.anaconda.org/conda-forge/noarch/libgcc-devel_linux-64-14.3.0-hf649bbc_117.conda
  sha256: 57ef92396b4dc06c5a34792c0f601bc49793a963712e8419d5f03cb4ff87729f
  md5: 50d5470d29a25808d108d3917426d24b
  depends:
  - __unix
  license: GPL-3.0-only WITH GCC-exception-3.1
  license_family: GPL
  size: 3081070
  timestamp: 1770251857403
- conda: https://conda.anaconda.org/conda-forge/linux-64/libgomp-15.2.0-he0feb66_17.conda
  sha256: b961b5dd9761907a7179678b58a69bb4fc16b940eb477f635aea3aec0a3f17a6
  md5: 51b78c6a757575c0d12f4401ffc67029
  depends:
  - __glibc >=2.17,<3.0.a0
  license: GPL-3.0-only WITH GCC-exception-3.1
  license_family: GPL
  size: 603334
  timestamp: 1770252441199
- conda: https://conda.anaconda.org/conda-forge/win-64/libgomp-15.2.0-h8ee18e1_17.conda
  sha256: 371514e0cee6425e85a62f92931dd2fbe04ff09cea6b3cddf4ebf1c200170e90
  md5: 18f0da832fb73029007218f0c56939f8
  depends:
  - libwinpthread >=12.0.0.r4.gg4f2fc60ca
  constrains:
  - msys2-conda-epoch <0.0a0
  license: GPL-3.0-only WITH GCC-exception-3.1
  license_family: GPL
  size: 664014
  timestamp: 1770256586208
- conda: https://conda.anaconda.org/conda-forge/osx-64/libiconv-1.18-h57a12c2_2.conda
  sha256: a1c8cecdf9966921e13f0ae921309a1f415dfbd2b791f2117cf7e8f5e61a48b6
  md5: 210a85a1119f97ea7887188d176db135
  depends:
  - __osx >=10.13
  license: LGPL-2.1-only
  size: 737846
  timestamp: 1754908900138
- conda: https://conda.anaconda.org/conda-forge/osx-arm64/libiconv-1.18-h23cfdf5_2.conda
  sha256: de0336e800b2af9a40bdd694b03870ac4a848161b35c8a2325704f123f185f03
  md5: 4d5a7445f0b25b6a3ddbb56e790f5251
  depends:
  - __osx >=11.0
  license: LGPL-2.1-only
  size: 750379
  timestamp: 1754909073836
- conda: https://conda.anaconda.org/conda-forge/osx-64/libllvm19-19.1.7-h56e7563_2.conda
  sha256: 375a634873b7441d5101e6e2a9d3a42fec51be392306a03a2fa12ae8edecec1a
  md5: 05a54b479099676e75f80ad0ddd38eff
  depends:
  - __osx >=10.13
  - libcxx >=19
  - libxml2
  - libxml2-16 >=2.14.5
  - libzlib >=1.3.1,<2.0a0
  - zstd >=1.5.7,<1.6.0a0
  license: Apache-2.0 WITH LLVM-exception
  license_family: Apache
  size: 28801374
  timestamp: 1757354631264
- conda: https://conda.anaconda.org/conda-forge/osx-arm64/libllvm19-19.1.7-h8e0c9ce_2.conda
  sha256: 46f8ff3d86438c0af1bebe0c18261ce5de9878d58b4fe399a3a125670e4f0af5
  md5: d1d9b233830f6631800acc1e081a9444
  depends:
  - __osx >=11.0
  - libcxx >=19
  - libxml2
  - libxml2-16 >=2.14.5
  - libzlib >=1.3.1,<2.0a0
  - zstd >=1.5.7,<1.6.0a0
  license: Apache-2.0 WITH LLVM-exception
  license_family: Apache
  size: 26914852
  timestamp: 1757353228286
- conda: https://conda.anaconda.org/conda-forge/osx-64/liblzma-5.8.2-h11316ed_0.conda
  sha256: 7ab3c98abd3b5d5ec72faa8d9f5d4b50dcee4970ed05339bc381861199dabb41
  md5: 688a0c3d57fa118b9c97bf7e471ab46c
  depends:
  - __osx >=10.13
  constrains:
  - xz 5.8.2.*
  license: 0BSD
  size: 105482
  timestamp: 1768753411348
- conda: https://conda.anaconda.org/conda-forge/osx-arm64/liblzma-5.8.2-h8088a28_0.conda
  sha256: 7bfc7ffb2d6a9629357a70d4eadeadb6f88fa26ebc28f606b1c1e5e5ed99dc7e
  md5: 009f0d956d7bfb00de86901d16e486c7
  depends:
  - __osx >=11.0
  constrains:
  - xz 5.8.2.*
  license: 0BSD
  size: 92242
  timestamp: 1768752982486
- conda: https://conda.anaconda.org/conda-forge/linux-64/libsanitizer-14.3.0-h8f1669f_17.conda
  sha256: 48a1e008a44b7d630f1243915261628d72df1c1f477f44af2e93350937b496df
  md5: 5edfb6baf1af52fa7c0a7072a42d1558
  depends:
  - __glibc >=2.17,<3.0.a0
  - libgcc >=14.3.0
  - libstdcxx >=14.3.0
  license: GPL-3.0-only WITH GCC-exception-3.1
  license_family: GPL
  size: 7237991
  timestamp: 1770252070009
- conda: https://conda.anaconda.org/conda-forge/osx-64/libsigtool-0.1.3-hc0f2934_0.conda
  sha256: f87b743d5ab11c1a8ddd800dd9357fc0fabe47686068232ddc1d1eed0d7321ec
  md5: 3576aba85ce5e9ab15aa0ea376ab864b
  depends:
  - __osx >=10.13
  - openssl >=3.5.4,<4.0a0
  license: MIT
  license_family: MIT
  size: 38085
  timestamp: 1767044977731
- conda: https://conda.anaconda.org/conda-forge/osx-arm64/libsigtool-0.1.3-h98dc951_0.conda
  sha256: 421f7bd7caaa945d9cd5d374cc3f01e75637ca7372a32d5e7695c825a48a30d1
  md5: c08557d00807785decafb932b5be7ef5
  depends:
  - __osx >=11.0
  - openssl >=3.5.4,<4.0a0
  license: MIT
  license_family: MIT
  size: 36416
  timestamp: 1767045062496
- conda: https://conda.anaconda.org/conda-forge/linux-64/libstdcxx-15.2.0-h934c35e_17.conda
  sha256: 50c48cd3716a2e58e8e2e02edc78fef2d08fffe1e3b1ed40eb5f87e7e2d07889
  md5: 24c2fe35fa45cd71214beba6f337c071
  depends:
  - __glibc >=2.17,<3.0.a0
  - libgcc 15.2.0 he0feb66_17
  constrains:
  - libstdcxx-ng ==15.2.0=*_17
  license: GPL-3.0-only WITH GCC-exception-3.1
  license_family: GPL
  size: 5852406
  timestamp: 1770252584235
- conda: https://conda.anaconda.org/conda-forge/noarch/libstdcxx-devel_linux-64-14.3.0-h9f08a49_117.conda
  sha256: ffb164d31e09b18cf95c6330bfce9268c1ce799103e56b7c004250332e7f9ede
  md5: 97f8b7e451f960200c057ca83d92f9be
  depends:
  - __unix
  license: GPL-3.0-only WITH GCC-exception-3.1
  license_family: GPL
  size: 20497917
  timestamp: 1770251920997
- conda: https://conda.anaconda.org/conda-forge/win-64/libwinpthread-12.0.0.r4.gg4f2fc60ca-h57928b3_10.conda
  sha256: 0fccf2d17026255b6e10ace1f191d0a2a18f2d65088fd02430be17c701f8ffe0
  md5: 8a86073cf3b343b87d03f41790d8b4e5
  depends:
  - ucrt
  constrains:
  - pthreads-win32 <0.0a0
  - msys2-conda-epoch <0.0a0
  license: MIT AND BSD-3-Clause-Clear
  size: 36621
  timestamp: 1759768399557
- conda: https://conda.anaconda.org/conda-forge/osx-64/libxml2-2.15.1-h745d5cb_1.conda
  sha256: 96fe14f775ae1bd9a3c464898fbc3fa6d784b867eadcf7d58a2d510d80a6fbfb
  md5: 1fd2c75a8a9adc629983ed629dec42e1
  depends:
  - __osx >=10.13
  - libiconv >=1.18,<2.0a0
  - liblzma >=5.8.1,<6.0a0
  - libxml2-16 2.15.1 hd57b93d_1
  - libzlib >=1.3.1,<2.0a0
  constrains:
  - icu <0.0a0
  license: MIT
  license_family: MIT
  size: 40460
  timestamp: 1766327727478
- conda: https://conda.anaconda.org/conda-forge/osx-arm64/libxml2-2.15.1-h8d039ee_1.conda
  sha256: 59f96fa27cce6a9a27414c5bb301eedda1a1b85cd0d8f5d68f77e46b86e7c95f
  md5: fd804ee851e20faca4fecc7df0901d07
  depends:
  - __osx >=11.0
  - icu >=78.1,<79.0a0
  - libiconv >=1.18,<2.0a0
  - liblzma >=5.8.1,<6.0a0
  - libxml2-16 2.15.1 h5ef1a60_1
  - libzlib >=1.3.1,<2.0a0
  license: MIT
  license_family: MIT
  size: 40607
  timestamp: 1766327501392
- conda: https://conda.anaconda.org/conda-forge/osx-64/libxml2-16-2.15.1-hd57b93d_1.conda
  sha256: abdeaea43d0e882679942cc2385342d701873e18669828e40637a70a140ce614
  md5: 060f6892620dc862f3b54b9b2da8f177
  depends:
  - __osx >=10.13
  - libiconv >=1.18,<2.0a0
  - liblzma >=5.8.1,<6.0a0
  - libzlib >=1.3.1,<2.0a0
  constrains:
  - libxml2 2.15.1
  - icu <0.0a0
  license: MIT
  license_family: MIT
  size: 493505
  timestamp: 1766327696842
- conda: https://conda.anaconda.org/conda-forge/osx-arm64/libxml2-16-2.15.1-h5ef1a60_1.conda
  sha256: 2d5ab15113b0ba21f4656d387d26ab59e4fbaf3027f5e58a2a4fe370821eb106
  md5: 7eed1026708e26ee512f43a04d9d0027
  depends:
  - __osx >=11.0
  - icu >=78.1,<79.0a0
  - libiconv >=1.18,<2.0a0
  - liblzma >=5.8.1,<6.0a0
  - libzlib >=1.3.1,<2.0a0
  constrains:
  - libxml2 2.15.1
  license: MIT
  license_family: MIT
  size: 464886
  timestamp: 1766327479416
- conda: https://conda.anaconda.org/conda-forge/linux-64/libzlib-1.3.1-hb9d3cd8_2.conda
  sha256: d4bfe88d7cb447768e31650f06257995601f89076080e76df55e3112d4e47dc4
  md5: edb0dca6bc32e4f4789199455a1dbeb8
  depends:
  - __glibc >=2.17,<3.0.a0
  - libgcc >=13
  constrains:
  - zlib 1.3.1 *_2
  license: Zlib
  license_family: Other
  size: 60963
  timestamp: 1727963148474
- conda: https://conda.anaconda.org/conda-forge/osx-64/libzlib-1.3.1-hd23fc13_2.conda
  sha256: 8412f96504fc5993a63edf1e211d042a1fd5b1d51dedec755d2058948fcced09
  md5: 003a54a4e32b02f7355b50a837e699da
  depends:
  - __osx >=10.13
  constrains:
  - zlib 1.3.1 *_2
  license: Zlib
  license_family: Other
  size: 57133
  timestamp: 1727963183990
- conda: https://conda.anaconda.org/conda-forge/osx-arm64/libzlib-1.3.1-h8359307_2.conda
  sha256: ce34669eadaba351cd54910743e6a2261b67009624dbc7daeeafdef93616711b
  md5: 369964e85dc26bfe78f41399b366c435
  depends:
  - __osx >=11.0
  constrains:
  - zlib 1.3.1 *_2
  license: Zlib
  license_family: Other
  size: 46438
  timestamp: 1727963202283
- conda: https://conda.anaconda.org/conda-forge/osx-64/llvm-openmp-21.1.8-h472b3d1_0.conda
  sha256: 2a41885f44cbc1546ff26369924b981efa37a29d20dc5445b64539ba240739e6
  md5: e2d811e9f464dd67398b4ce1f9c7c872
  depends:
  - __osx >=10.13
  constrains:
  - openmp 21.1.8|21.1.8.*
  - intel-openmp <0.0a0
  license: Apache-2.0 WITH LLVM-exception
  license_family: APACHE
  size: 311405
  timestamp: 1765965194247
- conda: https://conda.anaconda.org/conda-forge/osx-arm64/llvm-openmp-21.1.8-h4a912ad_0.conda
  sha256: 56bcd20a0a44ddd143b6ce605700fdf876bcf5c509adc50bf27e76673407a070
  md5: 206ad2df1b5550526e386087bef543c7
  depends:
  - __osx >=11.0
  constrains:
  - openmp 21.1.8|21.1.8.*
  - intel-openmp <0.0a0
  license: Apache-2.0 WITH LLVM-exception
  license_family: APACHE
  size: 285974
  timestamp: 1765964756583
- conda: https://conda.anaconda.org/conda-forge/osx-64/llvm-tools-19.1.7-hb0207f0_2.conda
  sha256: 8d042ee522bc9eb12c061f5f7e53052aeb4f13e576e624c8bebaf493725b95a0
  md5: 0f79b23c03d80f22ce4fe0022d12f6d2
  depends:
  - __osx >=10.13
  - libllvm19 19.1.7 h56e7563_2
  - llvm-tools-19 19.1.7 h879f4bc_2
  constrains:
  - llvmdev     19.1.7
  - llvm        19.1.7
  - clang       19.1.7
  - clang-tools 19.1.7
  license: Apache-2.0 WITH LLVM-exception
  license_family: Apache
  size: 87962
  timestamp: 1757355027273
- conda: https://conda.anaconda.org/conda-forge/osx-arm64/llvm-tools-19.1.7-h855ad52_2.conda
  sha256: 09750c33b5d694c494cad9eafda56c61a62622264173d760341b49fb001afe82
  md5: 3e3ac06efc5fdc1aa675ca30bf7d53df
  depends:
  - __osx >=11.0
  - libllvm19 19.1.7 h8e0c9ce_2
  - llvm-tools-19 19.1.7 h91fd4e7_2
  constrains:
  - llvm        19.1.7
  - llvmdev     19.1.7
  - clang-tools 19.1.7
  - clang       19.1.7
  license: Apache-2.0 WITH LLVM-exception
  license_family: Apache
  size: 88390
  timestamp: 1757353535760
- conda: https://conda.anaconda.org/conda-forge/osx-64/llvm-tools-19-19.1.7-h879f4bc_2.conda
  sha256: fd281acb243323087ce672139f03a1b35ceb0e864a3b4e8113b9c23ca1f83bf0
  md5: bf644c6f69854656aa02d1520175840e
  depends:
  - __osx >=10.13
  - libcxx >=19
  - libllvm19 19.1.7 h56e7563_2
  - libzlib >=1.3.1,<2.0a0
  - zstd >=1.5.7,<1.6.0a0
  license: Apache-2.0 WITH LLVM-exception
  license_family: Apache
  size: 17198870
  timestamp: 1757354915882
- conda: https://conda.anaconda.org/conda-forge/osx-arm64/llvm-tools-19-19.1.7-h91fd4e7_2.conda
  sha256: 73f9506f7c32a448071340e73a0e8461e349082d63ecc4849e3eb2d1efc357dd
  md5: 8237b150fcd7baf65258eef9a0fc76ef
  depends:
  - __osx >=11.0
  - libcxx >=19
  - libllvm19 19.1.7 h8e0c9ce_2
  - libzlib >=1.3.1,<2.0a0
  - zstd >=1.5.7,<1.6.0a0
  license: Apache-2.0 WITH LLVM-exception
  license_family: Apache
  size: 16376095
  timestamp: 1757353442671
- conda: https://conda.anaconda.org/conda-forge/linux-64/make-4.4.1-hb9d3cd8_2.conda
  sha256: d652c7bd4d3b6f82b0f6d063b0d8df6f54cc47531092d7ff008e780f3261bdda
  md5: 33405d2a66b1411db9f7242c8b97c9e7
  depends:
  - __glibc >=2.17,<3.0.a0
  - libgcc >=13
  license: GPL-3.0-or-later
  license_family: GPL
  size: 513088
  timestamp: 1727801714848
- conda: https://conda.anaconda.org/conda-forge/osx-64/make-4.4.1-h00291cd_2.conda
  sha256: 5a5ab3ee828309185e0a76ca80f5da85f31d8480d923abb508ca00fe194d1b5a
  md5: 59b4ad97bbb36ef5315500d5bde4bcfc
  depends:
  - __osx >=10.13
  license: GPL-3.0-or-later
  license_family: GPL
  size: 278910
  timestamp: 1727801765025
- conda: https://conda.anaconda.org/conda-forge/osx-arm64/make-4.4.1-hc9fafa5_2.conda
  sha256: 90ca65e788406d9029ae23ad4bd944a8b5353ad5f59bd6ce326f980cde46f37e
  md5: 9f44ef1fea0a25d6a3491c58f3af8460
  depends:
  - __osx >=11.0
  license: GPL-3.0-or-later
  license_family: GPL
  size: 274048
  timestamp: 1727801725384
- conda: https://conda.anaconda.org/conda-forge/win-64/make-4.4.1-h0e40799_2.conda
  sha256: a810cdca3d5fa50d562cda23c0c1195b45ff5f9b0c41e0d4c8c2dd3c043ff4f2
  md5: 77ff648ad9fec660f261aa8ab0949f62
  depends:
  - libgcc >=13
  - libwinpthread >=12.0.0.r4.gg4f2fc60ca
  - ucrt >=10.0.20348.0
  license: GPL-3.0-or-later
  license_family: GPL
  size: 2176937
  timestamp: 1727802346950
- conda: https://conda.anaconda.org/conda-forge/osx-64/ncurses-6.5-h0622a9a_3.conda
  sha256: ea4a5d27ded18443749aefa49dc79f6356da8506d508b5296f60b8d51e0c4bd9
  md5: ced34dd9929f491ca6dab6a2927aff25
  depends:
  - __osx >=10.13
  license: X11 AND BSD-3-Clause
  size: 822259
  timestamp: 1738196181298
- conda: https://conda.anaconda.org/conda-forge/osx-arm64/ncurses-6.5-h5e97a16_3.conda
  sha256: 2827ada40e8d9ca69a153a45f7fd14f32b2ead7045d3bbb5d10964898fe65733
  md5: 068d497125e4bf8a66bf707254fff5ae
  depends:
  - __osx >=11.0
  license: X11 AND BSD-3-Clause
  size: 797030
  timestamp: 1738196177597
- conda: https://conda.anaconda.org/conda-forge/osx-64/openssl-3.6.1-hb6871ef_1.conda
  sha256: e02e5639b0e4d6d4fcf0f3b082642844fb5a37316f5b0a1126c6271347462e90
  md5: 30bb8d08b99b9a7600d39efb3559fff0
  depends:
  - __osx >=10.13
  - ca-certificates
  license: Apache-2.0
  license_family: Apache
  size: 2777136
  timestamp: 1769557662405
- conda: https://conda.anaconda.org/conda-forge/osx-arm64/openssl-3.6.1-hd24854e_1.conda
  sha256: 361f5c5e60052abc12bdd1b50d7a1a43e6a6653aab99a2263bf2288d709dcf67
  md5: f4f6ad63f98f64191c3e77c5f5f29d76
  depends:
  - __osx >=11.0
  - ca-certificates
  license: Apache-2.0
  license_family: Apache
  size: 3104268
  timestamp: 1769556384749
- conda: https://conda.anaconda.org/conda-forge/noarch/sdkroot_env_osx-64-26.0-h62b880e_6.conda
  sha256: 68009566921f51e98abee313eddf21ef5b4a5b37f6d5e8723915436636d424a7
  md5: a4428c5136c29995d5b6977c90468fb0
  license: BSD-3-Clause
  license_family: BSD
  size: 4909
  timestamp: 1768922972170
- conda: https://conda.anaconda.org/conda-forge/noarch/sdkroot_env_osx-arm64-26.0-ha3f98da_6.conda
  sha256: cc38408f9a8beddf7c14188ec0e621f91eece4ba5e513c0361d25ba91d156d93
  md5: 4cd4e8d9e11f08dfba7b48f6b3eae8cb
  license: BSD-3-Clause
  license_family: BSD
  size: 4931
  timestamp: 1768922945029
- conda: https://conda.anaconda.org/conda-forge/osx-64/sigtool-codesign-0.1.3-hc0f2934_0.conda
  sha256: b89d89d0b62e0a84093205607d071932cca228d4d6982a5b073eec7e765b146d
  md5: 1261fc730f1d8af7eeea8a0024b23493
  depends:
  - __osx >=10.13
  - libsigtool 0.1.3 hc0f2934_0
  - openssl >=3.5.4,<4.0a0
  license: MIT
  license_family: MIT
  size: 123083
  timestamp: 1767045007433
- conda: https://conda.anaconda.org/conda-forge/osx-arm64/sigtool-codesign-0.1.3-h98dc951_0.conda
  sha256: f3d006e2441f110160a684744d90921bbedbffa247d7599d7e76b5cd048116dc
  md5: ade77ad7513177297b1d75e351e136ce
  depends:
  - __osx >=11.0
  - libsigtool 0.1.3 h98dc951_0
  - openssl >=3.5.4,<4.0a0
  license: MIT
  license_family: MIT
  size: 114331
  timestamp: 1767045086274
- conda: https://conda.anaconda.org/conda-forge/noarch/sysroot_linux-64-2.28-h4ee821c_9.conda
  sha256: c47299fe37aebb0fcf674b3be588e67e4afb86225be4b0d452c7eb75c086b851
  md5: 13dc3adbc692664cd3beabd216434749
  depends:
  - __glibc >=2.28
  - kernel-headers_linux-64 4.18.0 he073ed8_9
  - tzdata
  license: LGPL-2.0-or-later AND LGPL-2.0-or-later WITH exceptions AND GPL-2.0-or-later
  license_family: GPL
  size: 24008591
  timestamp: 1765578833462
- conda: https://conda.anaconda.org/conda-forge/osx-64/tapi-1600.0.11.8-h8d8e812_0.conda
  sha256: 2602632f7923fd59042a897bfb22f050d78f2b5960d53565eae5fa6a79308caa
  md5: aae272355bc3f038e403130a5f6f5495
  depends:
  - libcxx >=19.0.0.a0
  - __osx >=10.13
  - ncurses >=6.5,<7.0a0
  license: NCSA
  size: 213480
  timestamp: 1762535196805
- conda: https://conda.anaconda.org/conda-forge/osx-arm64/tapi-1600.0.11.8-h997e182_0.conda
  sha256: dcb678fa77f448fa981bf3783902afe09b8838436f3092e9ecaf6a718c87f642
  md5: 347261d575a245cb6111fb2cb5a79fc7
  depends:
  - libcxx >=19.0.0.a0
  - __osx >=11.0
  - ncurses >=6.5,<7.0a0
  license: NCSA
  size: 199699
  timestamp: 1762535277608
- conda: https://conda.anaconda.org/conda-forge/noarch/tzdata-2025c-hc9c84f9_1.conda
  sha256: 1d30098909076af33a35017eed6f2953af1c769e273a0626a04722ac4acaba3c
  md5: ad659d0a2b3e47e38d829aa8cad2d610
  license: LicenseRef-Public-Domain
  size: 119135
  timestamp: 1767016325805
- conda: https://conda.anaconda.org/conda-forge/win-64/ucrt-10.0.26100.0-h57928b3_0.conda
  sha256: 3005729dce6f3d3f5ec91dfc49fc75a0095f9cd23bab49efb899657297ac91a5
  md5: 71b24316859acd00bdb8b38f5e2ce328
  constrains:
  - vc14_runtime >=14.29.30037
  - vs2015_runtime >=14.29.30037
  license: LicenseRef-MicrosoftWindowsSDK10
  size: 694692
  timestamp: 1756385147981
- conda: https://conda.anaconda.org/conda-forge/win-64/vs2022_win-64-19.44.35207-ha74f236_34.conda
  sha256: 05bc657625b58159bcea039a35cc89d1f8baf54bf4060019c2b559a03ba4a45e
  md5: 1d699ffd41c140b98e199ddd9787e1e1
  depends:
  - vswhere
  constrains:
  - vs_win-64 2022.14
  track_features:
  - vc14
  license: BSD-3-Clause
  license_family: BSD
  size: 23060
  timestamp: 1767320175868
- conda: https://conda.anaconda.org/conda-forge/noarch/vswhere-3.1.7-h40126e0_1.conda
  sha256: b72270395326dc56de9bd6ca82f63791b3c8c9e2b98e25242a9869a4ca821895
  md5: f622897afff347b715d046178ad745a5
  depends:
  - __win
  license: MIT
  license_family: MIT
  size: 238764
  timestamp: 1745560912727
- conda: https://conda.anaconda.org/conda-forge/linux-64/zstd-1.5.7-hb78ec9c_6.conda
  sha256: 68f0206ca6e98fea941e5717cec780ed2873ffabc0e1ed34428c061e2c6268c7
  md5: 4a13eeac0b5c8e5b8ab496e6c4ddd829
  depends:
  - __glibc >=2.17,<3.0.a0
  - libzlib >=1.3.1,<2.0a0
  license: BSD-3-Clause
  license_family: BSD
  size: 601375
  timestamp: 1764777111296
- conda: https://conda.anaconda.org/conda-forge/osx-64/zstd-1.5.7-h3eecb57_6.conda
  sha256: 47101a4055a70a4876ffc87b750ab2287b67eca793f21c8224be5e1ee6394d3f
  md5: 727109b184d680772e3122f40136d5ca
  depends:
  - __osx >=10.13
  - libzlib >=1.3.1,<2.0a0
  license: BSD-3-Clause
  license_family: BSD
  size: 528148
  timestamp: 1764777156963
- conda: https://conda.anaconda.org/conda-forge/osx-arm64/zstd-1.5.7-hbf9d68e_6.conda
  sha256: 9485ba49e8f47d2b597dd399e88f4802e100851b27c21d7525625b0b4025a5d9
  md5: ab136e4c34e97f34fb621d2592a393d8
  depends:
  - __osx >=11.0
  - libzlib >=1.3.1,<2.0a0
  license: BSD-3-Clause
  license_family: BSD
  size: 433413
  timestamp: 1764777166076
